// !$*UTF8*$!
{
	archiveVersion = 1;
	classes = {
	};
	objectVersion = 46;
	objects = {

/* Begin PBXBuildFile section */
		F2BF32BC1AC3CE5A00616B10 /* main.m in Sources */ = {isa = PBXBuildFile; fileRef = F2BF32BB1AC3CE5A00616B10 /* main.m */; };
		F2BF32BF1AC3CE5A00616B10 /* AppDelegate.m in Sources */ = {isa = PBXBuildFile; fileRef = F2BF32BE1AC3CE5A00616B10 /* AppDelegate.m */; };
		F2BF32C21AC3CE5A00616B10 /* PizzaListViewController.m in Sources */ = {isa = PBXBuildFile; fileRef = F2BF32C11AC3CE5A00616B10 /* PizzaListViewController.m */; };
		F2BF32C51AC3CE5A00616B10 /* Main.storyboard in Resources */ = {isa = PBXBuildFile; fileRef = F2BF32C31AC3CE5A00616B10 /* Main.storyboard */; };
		F2BF32C71AC3CE5A00616B10 /* Images.xcassets in Resources */ = {isa = PBXBuildFile; fileRef = F2BF32C61AC3CE5A00616B10 /* Images.xcassets */; };
		F2BF32CA1AC3CE5A00616B10 /* LaunchScreen.xib in Resources */ = {isa = PBXBuildFile; fileRef = F2BF32C81AC3CE5A00616B10 /* LaunchScreen.xib */; };
		F2BF32D61AC3CE5A00616B10 /* ZaHunterTests.m in Sources */ = {isa = PBXBuildFile; fileRef = F2BF32D51AC3CE5A00616B10 /* ZaHunterTests.m */; };
		F2BF32E11AC3D70D00616B10 /* Pizzeria.m in Sources */ = {isa = PBXBuildFile; fileRef = F2BF32E01AC3D70D00616B10 /* Pizzeria.m */; };
		F2BF32E31AC3DA7000616B10 /* CoreLocation.framework in Frameworks */ = {isa = PBXBuildFile; fileRef = F2BF32E21AC3DA7000616B10 /* CoreLocation.framework */; };
		F2BF32E51AC3DB1A00616B10 /* MapKit.framework in Frameworks */ = {isa = PBXBuildFile; fileRef = F2BF32E41AC3DB1A00616B10 /* MapKit.framework */; };
		F2BF32E71AC3E0D400616B10 /* pizzaicon.png in Resources */ = {isa = PBXBuildFile; fileRef = F2BF32E61AC3E0D400616B10 /* pizzaicon.png */; };
		F2BF32EA1AC3E1C500616B10 /* pizzaicon60.png in Resources */ = {isa = PBXBuildFile; fileRef = F2BF32E81AC3E1C500616B10 /* pizzaicon60.png */; };
		F2BF32EB1AC3E1C500616B10 /* pizzaicon120.png in Resources */ = {isa = PBXBuildFile; fileRef = F2BF32E91AC3E1C500616B10 /* pizzaicon120.png */; };
		F2BF32ED1AC3E31300616B10 /* pizzaicon80.png in Resources */ = {isa = PBXBuildFile; fileRef = F2BF32EC1AC3E31300616B10 /* pizzaicon80.png */; };
/* End PBXBuildFile section */

/* Begin PBXContainerItemProxy section */
		F2BF32D01AC3CE5A00616B10 /* PBXContainerItemProxy */ = {
			isa = PBXContainerItemProxy;
			containerPortal = F2BF32AE1AC3CE5A00616B10 /* Project object */;
			proxyType = 1;
			remoteGlobalIDString = F2BF32B51AC3CE5A00616B10;
			remoteInfo = ZaHunter;
		};
/* End PBXContainerItemProxy section */

/* Begin PBXFileReference section */
		F2BF32B61AC3CE5A00616B10 /* ZaHunter.app */ = {isa = PBXFileReference; explicitFileType = wrapper.application; includeInIndex = 0; path = ZaHunter.app; sourceTree = BUILT_PRODUCTS_DIR; };
		F2BF32BA1AC3CE5A00616B10 /* Info.plist */ = {isa = PBXFileReference; lastKnownFileType = text.plist.xml; path = Info.plist; sourceTree = "<group>"; };
		F2BF32BB1AC3CE5A00616B10 /* main.m */ = {isa = PBXFileReference; lastKnownFileType = sourcecode.c.objc; path = main.m; sourceTree = "<group>"; };
		F2BF32BD1AC3CE5A00616B10 /* AppDelegate.h */ = {isa = PBXFileReference; lastKnownFileType = sourcecode.c.h; path = AppDelegate.h; sourceTree = "<group>"; };
		F2BF32BE1AC3CE5A00616B10 /* AppDelegate.m */ = {isa = PBXFileReference; lastKnownFileType = sourcecode.c.objc; path = AppDelegate.m; sourceTree = "<group>"; };
		F2BF32C01AC3CE5A00616B10 /* PizzaListViewController.h */ = {isa = PBXFileReference; lastKnownFileType = sourcecode.c.h; path = PizzaListViewController.h; sourceTree = "<group>"; };
		F2BF32C11AC3CE5A00616B10 /* PizzaListViewController.m */ = {isa = PBXFileReference; lastKnownFileType = sourcecode.c.objc; path = PizzaListViewController.m; sourceTree = "<group>"; };
		F2BF32C41AC3CE5A00616B10 /* Base */ = {isa = PBXFileReference; lastKnownFileType = file.storyboard; name = Base; path = Base.lproj/Main.storyboard; sourceTree = "<group>"; };
		F2BF32C61AC3CE5A00616B10 /* Images.xcassets */ = {isa = PBXFileReference; lastKnownFileType = folder.assetcatalog; path = Images.xcassets; sourceTree = "<group>"; };
		F2BF32C91AC3CE5A00616B10 /* Base */ = {isa = PBXFileReference; lastKnownFileType = file.xib; name = Base; path = Base.lproj/LaunchScreen.xib; sourceTree = "<group>"; };
		F2BF32CF1AC3CE5A00616B10 /* ZaHunterTests.xctest */ = {isa = PBXFileReference; explicitFileType = wrapper.cfbundle; includeInIndex = 0; path = ZaHunterTests.xctest; sourceTree = BUILT_PRODUCTS_DIR; };
		F2BF32D41AC3CE5A00616B10 /* Info.plist */ = {isa = PBXFileReference; lastKnownFileType = text.plist.xml; path = Info.plist; sourceTree = "<group>"; };
		F2BF32D51AC3CE5A00616B10 /* ZaHunterTests.m */ = {isa = PBXFileReference; lastKnownFileType = sourcecode.c.objc; path = ZaHunterTests.m; sourceTree = "<group>"; };
		F2BF32DF1AC3D70D00616B10 /* Pizzeria.h */ = {isa = PBXFileReference; fileEncoding = 4; lastKnownFileType = sourcecode.c.h; path = Pizzeria.h; sourceTree = "<group>"; };
		F2BF32E01AC3D70D00616B10 /* Pizzeria.m */ = {isa = PBXFileReference; fileEncoding = 4; lastKnownFileType = sourcecode.c.objc; path = Pizzeria.m; sourceTree = "<group>"; };
		F2BF32E21AC3DA7000616B10 /* CoreLocation.framework */ = {isa = PBXFileReference; lastKnownFileType = wrapper.framework; name = CoreLocation.framework; path = System/Library/Frameworks/CoreLocation.framework; sourceTree = SDKROOT; };
		F2BF32E41AC3DB1A00616B10 /* MapKit.framework */ = {isa = PBXFileReference; lastKnownFileType = wrapper.framework; name = MapKit.framework; path = System/Library/Frameworks/MapKit.framework; sourceTree = SDKROOT; };
		F2BF32E61AC3E0D400616B10 /* pizzaicon.png */ = {isa = PBXFileReference; lastKnownFileType = image.png; name = pizzaicon.png; path = ../../../pizzaicon.png; sourceTree = "<group>"; };
		F2BF32E81AC3E1C500616B10 /* pizzaicon60.png */ = {isa = PBXFileReference; lastKnownFileType = image.png; name = pizzaicon60.png; path = ../../../pizzaicon60.png; sourceTree = "<group>"; };
		F2BF32E91AC3E1C500616B10 /* pizzaicon120.png */ = {isa = PBXFileReference; lastKnownFileType = image.png; name = pizzaicon120.png; path = ../../../pizzaicon120.png; sourceTree = "<group>"; };
		F2BF32EC1AC3E31300616B10 /* pizzaicon80.png */ = {isa = PBXFileReference; lastKnownFileType = image.png; name = pizzaicon80.png; path = ../../../pizzaicon80.png; sourceTree = "<group>"; };
/* End PBXFileReference section */

/* Begin PBXFrameworksBuildPhase section */
		F2BF32B31AC3CE5A00616B10 /* Frameworks */ = {
			isa = PBXFrameworksBuildPhase;
			buildActionMask = 2147483647;
			files = (
				F2BF32E51AC3DB1A00616B10 /* MapKit.framework in Frameworks */,
				F2BF32E31AC3DA7000616B10 /* CoreLocation.framework in Frameworks */,
			);
			runOnlyForDeploymentPostprocessing = 0;
		};
		F2BF32CC1AC3CE5A00616B10 /* Frameworks */ = {
			isa = PBXFrameworksBuildPhase;
			buildActionMask = 2147483647;
			files = (
			);
			runOnlyForDeploymentPostprocessing = 0;
		};
/* End PBXFrameworksBuildPhase section */

/* Begin PBXGroup section */
		F2BF32AD1AC3CE5A00616B10 = {
			isa = PBXGroup;
			children = (
				F2BF32E41AC3DB1A00616B10 /* MapKit.framework */,
				F2BF32E21AC3DA7000616B10 /* CoreLocation.framework */,
				F2BF32B81AC3CE5A00616B10 /* ZaHunter */,
				F2BF32D21AC3CE5A00616B10 /* ZaHunterTests */,
				F2BF32B71AC3CE5A00616B10 /* Products */,
			);
			sourceTree = "<group>";
		};
		F2BF32B71AC3CE5A00616B10 /* Products */ = {
			isa = PBXGroup;
			children = (
				F2BF32B61AC3CE5A00616B10 /* ZaHunter.app */,
				F2BF32CF1AC3CE5A00616B10 /* ZaHunterTests.xctest */,
			);
			name = Products;
			sourceTree = "<group>";
		};
		F2BF32B81AC3CE5A00616B10 /* ZaHunter */ = {
			isa = PBXGroup;
			children = (
				F2BF32BD1AC3CE5A00616B10 /* AppDelegate.h */,
				F2BF32BE1AC3CE5A00616B10 /* AppDelegate.m */,
				F2BF32C01AC3CE5A00616B10 /* PizzaListViewController.h */,
				F2BF32C11AC3CE5A00616B10 /* PizzaListViewController.m */,
				F2BF32DF1AC3D70D00616B10 /* Pizzeria.h */,
				F2BF32E01AC3D70D00616B10 /* Pizzeria.m */,
				F2BF32C31AC3CE5A00616B10 /* Main.storyboard */,
				F2BF32C61AC3CE5A00616B10 /* Images.xcassets */,
				F2BF32C81AC3CE5A00616B10 /* LaunchScreen.xib */,
				F2BF32E61AC3E0D400616B10 /* pizzaicon.png */,
				F2BF32E81AC3E1C500616B10 /* pizzaicon60.png */,
				F2BF32EC1AC3E31300616B10 /* pizzaicon80.png */,
				F2BF32E91AC3E1C500616B10 /* pizzaicon120.png */,
				F2BF32B91AC3CE5A00616B10 /* Supporting Files */,
			);
			path = ZaHunter;
			sourceTree = "<group>";
		};
		F2BF32B91AC3CE5A00616B10 /* Supporting Files */ = {
			isa = PBXGroup;
			children = (
				F2BF32BA1AC3CE5A00616B10 /* Info.plist */,
				F2BF32BB1AC3CE5A00616B10 /* main.m */,
			);
			name = "Supporting Files";
			sourceTree = "<group>";
		};
		F2BF32D21AC3CE5A00616B10 /* ZaHunterTests */ = {
			isa = PBXGroup;
			children = (
				F2BF32D51AC3CE5A00616B10 /* ZaHunterTests.m */,
				F2BF32D31AC3CE5A00616B10 /* Supporting Files */,
			);
			path = ZaHunterTests;
			sourceTree = "<group>";
		};
		F2BF32D31AC3CE5A00616B10 /* Supporting Files */ = {
			isa = PBXGroup;
			children = (
				F2BF32D41AC3CE5A00616B10 /* Info.plist */,
			);
			name = "Supporting Files";
			sourceTree = "<group>";
		};
/* End PBXGroup section */

/* Begin PBXNativeTarget section */
		F2BF32B51AC3CE5A00616B10 /* ZaHunter */ = {
			isa = PBXNativeTarget;
			buildConfigurationList = F2BF32D91AC3CE5A00616B10 /* Build configuration list for PBXNativeTarget "ZaHunter" */;
			buildPhases = (
				F2BF32B21AC3CE5A00616B10 /* Sources */,
				F2BF32B31AC3CE5A00616B10 /* Frameworks */,
				F2BF32B41AC3CE5A00616B10 /* Resources */,
			);
			buildRules = (
			);
			dependencies = (
			);
			name = ZaHunter;
			productName = ZaHunter;
			productReference = F2BF32B61AC3CE5A00616B10 /* ZaHunter.app */;
			productType = "com.apple.product-type.application";
		};
		F2BF32CE1AC3CE5A00616B10 /* ZaHunterTests */ = {
			isa = PBXNativeTarget;
			buildConfigurationList = F2BF32DC1AC3CE5A00616B10 /* Build configuration list for PBXNativeTarget "ZaHunterTests" */;
			buildPhases = (
				F2BF32CB1AC3CE5A00616B10 /* Sources */,
				F2BF32CC1AC3CE5A00616B10 /* Frameworks */,
				F2BF32CD1AC3CE5A00616B10 /* Resources */,
			);
			buildRules = (
			);
			dependencies = (
				F2BF32D11AC3CE5A00616B10 /* PBXTargetDependency */,
			);
			name = ZaHunterTests;
			productName = ZaHunterTests;
			productReference = F2BF32CF1AC3CE5A00616B10 /* ZaHunterTests.xctest */;
			productType = "com.apple.product-type.bundle.unit-test";
		};
/* End PBXNativeTarget section */

/* Begin PBXProject section */
		F2BF32AE1AC3CE5A00616B10 /* Project object */ = {
			isa = PBXProject;
			attributes = {
				LastUpgradeCheck = 0620;
				ORGANIZATIONNAME = Ron;
				TargetAttributes = {
					F2BF32B51AC3CE5A00616B10 = {
						CreatedOnToolsVersion = 6.2;
					};
					F2BF32CE1AC3CE5A00616B10 = {
						CreatedOnToolsVersion = 6.2;
						TestTargetID = F2BF32B51AC3CE5A00616B10;
					};
				};
			};
			buildConfigurationList = F2BF32B11AC3CE5A00616B10 /* Build configuration list for PBXProject "ZaHunter" */;
			compatibilityVersion = "Xcode 3.2";
			developmentRegion = English;
			hasScannedForEncodings = 0;
			knownRegions = (
				en,
				Base,
			);
			mainGroup = F2BF32AD1AC3CE5A00616B10;
			productRefGroup = F2BF32B71AC3CE5A00616B10 /* Products */;
			projectDirPath = "";
			projectRoot = "";
			targets = (
				F2BF32B51AC3CE5A00616B10 /* ZaHunter */,
				F2BF32CE1AC3CE5A00616B10 /* ZaHunterTests */,
			);
		};
/* End PBXProject section */

/* Begin PBXResourcesBuildPhase section */
		F2BF32B41AC3CE5A00616B10 /* Resources */ = {
			isa = PBXResourcesBuildPhase;
			buildActionMask = 2147483647;
			files = (
				F2BF32ED1AC3E31300616B10 /* pizzaicon80.png in Resources */,
				F2BF32C51AC3CE5A00616B10 /* Main.storyboard in Resources */,
				F2BF32EB1AC3E1C500616B10 /* pizzaicon120.png in Resources */,
				F2BF32CA1AC3CE5A00616B10 /* LaunchScreen.xib in Resources */,
				F2BF32C71AC3CE5A00616B10 /* Images.xcassets in Resources */,
				F2BF32EA1AC3E1C500616B10 /* pizzaicon60.png in Resources */,
				F2BF32E71AC3E0D400616B10 /* pizzaicon.png in Resources */,
			);
			runOnlyForDeploymentPostprocessing = 0;
		};
		F2BF32CD1AC3CE5A00616B10 /* Resources */ = {
			isa = PBXResourcesBuildPhase;
			buildActionMask = 2147483647;
			files = (
			);
			runOnlyForDeploymentPostprocessing = 0;
		};
/* End PBXResourcesBuildPhase section */

/* Begin PBXSourcesBuildPhase section */
		F2BF32B21AC3CE5A00616B10 /* Sources */ = {
			isa = PBXSourcesBuildPhase;
			buildActionMask = 2147483647;
			files = (
				F2BF32C21AC3CE5A00616B10 /* PizzaListViewController.m in Sources */,
				F2BF32BF1AC3CE5A00616B10 /* AppDelegate.m in Sources */,
				F2BF32BC1AC3CE5A00616B10 /* main.m in Sources */,
				F2BF32E11AC3D70D00616B10 /* Pizzeria.m in Sources */,
			);
			runOnlyForDeploymentPostprocessing = 0;
		};
		F2BF32CB1AC3CE5A00616B10 /* Sources */ = {
			isa = PBXSourcesBuildPhase;
			buildActionMask = 2147483647;
			files = (
				F2BF32D61AC3CE5A00616B10 /* ZaHunterTests.m in Sources */,
			);
			runOnlyForDeploymentPostprocessing = 0;
		};
/* End PBXSourcesBuildPhase section */

/* Begin PBXTargetDependency section */
		F2BF32D11AC3CE5A00616B10 /* PBXTargetDependency */ = {
			isa = PBXTargetDependency;
			target = F2BF32B51AC3CE5A00616B10 /* ZaHunter */;
			targetProxy = F2BF32D01AC3CE5A00616B10 /* PBXContainerItemProxy */;
		};
/* End PBXTargetDependency section */

/* Begin PBXVariantGroup section */
		F2BF32C31AC3CE5A00616B10 /* Main.storyboard */ = {
			isa = PBXVariantGroup;
			children = (
				F2BF32C41AC3CE5A00616B10 /* Base */,
			);
			name = Main.storyboard;
			sourceTree = "<group>";
		};
		F2BF32C81AC3CE5A00616B10 /* LaunchScreen.xib */ = {
			isa = PBXVariantGroup;
			children = (
				F2BF32C91AC3CE5A00616B10 /* Base */,
			);
			name = LaunchScreen.xib;
			sourceTree = "<group>";
		};
/* End PBXVariantGroup section */

/* Begin XCBuildConfiguration section */
		F2BF32D71AC3CE5A00616B10 /* Debug */ = {
			isa = XCBuildConfiguration;
			buildSettings = {
				ALWAYS_SEARCH_USER_PATHS = NO;
				CLANG_CXX_LANGUAGE_STANDARD = "gnu++0x";
				CLANG_CXX_LIBRARY = "libc++";
				CLANG_ENABLE_MODULES = YES;
				CLANG_ENABLE_OBJC_ARC = YES;
				CLANG_WARN_BOOL_CONVERSION = YES;
				CLANG_WARN_CONSTANT_CONVERSION = YES;
				CLANG_WARN_DIRECT_OBJC_ISA_USAGE = YES_ERROR;
				CLANG_WARN_EMPTY_BODY = YES;
				CLANG_WARN_ENUM_CONVERSION = YES;
				CLANG_WARN_INT_CONVERSION = YES;
				CLANG_WARN_OBJC_ROOT_CLASS = YES_ERROR;
				CLANG_WARN_UNREACHABLE_CODE = YES;
				CLANG_WARN__DUPLICATE_METHOD_MATCH = YES;
				"CODE_SIGN_IDENTITY[sdk=iphoneos*]" = "iPhone Developer";
				COPY_PHASE_STRIP = NO;
				ENABLE_STRICT_OBJC_MSGSEND = YES;
				GCC_C_LANGUAGE_STANDARD = gnu99;
				GCC_DYNAMIC_NO_PIC = NO;
				GCC_OPTIMIZATION_LEVEL = 0;
				GCC_PREPROCESSOR_DEFINITIONS = (
					"DEBUG=1",
					"$(inherited)",
				);
				GCC_SYMBOLS_PRIVATE_EXTERN = NO;
				GCC_WARN_64_TO_32_BIT_CONVERSION = YES;
				GCC_WARN_ABOUT_RETURN_TYPE = YES_ERROR;
				GCC_WARN_UNDECLARED_SELECTOR = YES;
				GCC_WARN_UNINITIALIZED_AUTOS = YES_AGGRESSIVE;
				GCC_WARN_UNUSED_FUNCTION = YES;
				GCC_WARN_UNUSED_VARIABLE = YES;
				IPHONEOS_DEPLOYMENT_TARGET = 8.2;
				MTL_ENABLE_DEBUG_INFO = YES;
				ONLY_ACTIVE_ARCH = YES;
				SDKROOT = iphoneos;
			};
			name = Debug;
		};
		F2BF32D81AC3CE5A00616B10 /* Release */ = {
			isa = XCBuildConfiguration;
			buildSettings = {
				ALWAYS_SEARCH_USER_PATHS = NO;
				CLANG_CXX_LANGUAGE_STANDARD = "gnu++0x";
				CLANG_CXX_LIBRARY = "libc++";
				CLANG_ENABLE_MODULES = YES;
				CLANG_ENABLE_OBJC_ARC = YES;
				CLANG_WARN_BOOL_CONVERSION = YES;
				CLANG_WARN_CONSTANT_CONVERSION = YES;
				CLANG_WARN_DIRECT_OBJC_ISA_USAGE = YES_ERROR;
				CLANG_WARN_EMPTY_BODY = YES;
				CLANG_WARN_ENUM_CONVERSION = YES;
				CLANG_WARN_INT_CONVERSION = YES;
				CLANG_WARN_OBJC_ROOT_CLASS = YES_ERROR;
				CLANG_WARN_UNREACHABLE_CODE = YES;
				CLANG_WARN__DUPLICATE_METHOD_MATCH = YES;
				"CODE_SIGN_IDENTITY[sdk=iphoneos*]" = "iPhone Developer";
				COPY_PHASE_STRIP = NO;
				ENABLE_NS_ASSERTIONS = NO;
				ENABLE_STRICT_OBJC_MSGSEND = YES;
				GCC_C_LANGUAGE_STANDARD = gnu99;
				GCC_WARN_64_TO_32_BIT_CONVERSION = YES;
				GCC_WARN_ABOUT_RETURN_TYPE = YES_ERROR;
				GCC_WARN_UNDECLARED_SELECTOR = YES;
				GCC_WARN_UNINITIALIZED_AUTOS = YES_AGGRESSIVE;
				GCC_WARN_UNUSED_FUNCTION = YES;
				GCC_WARN_UNUSED_VARIABLE = YES;
				IPHONEOS_DEPLOYMENT_TARGET = 8.2;
				MTL_ENABLE_DEBUG_INFO = NO;
				SDKROOT = iphoneos;
				VALIDATE_PRODUCT = YES;
			};
			name = Release;
		};
		F2BF32DA1AC3CE5A00616B10 /* Debug */ = {
			isa = XCBuildConfiguration;
			buildSettings = {
				ASSETCATALOG_COMPILER_APPICON_NAME = AppIcon;
				INFOPLIST_FILE = ZaHunter/Info.plist;
				LD_RUNPATH_SEARCH_PATHS = "$(inherited) @executable_path/Frameworks";
				PRODUCT_NAME = "$(TARGET_NAME)";
			};
			name = Debug;
		};
		F2BF32DB1AC3CE5A00616B10 /* Release */ = {
			isa = XCBuildConfiguration;
			buildSettings = {
				ASSETCATALOG_COMPILER_APPICON_NAME = AppIcon;
				INFOPLIST_FILE = ZaHunter/Info.plist;
				LD_RUNPATH_SEARCH_PATHS = "$(inherited) @executable_path/Frameworks";
				PRODUCT_NAME = "$(TARGET_NAME)";
			};
			name = Release;
		};
		F2BF32DD1AC3CE5A00616B10 /* Debug */ = {
			isa = XCBuildConfiguration;
			buildSettings = {
				BUNDLE_LOADER = "$(TEST_HOST)";
				FRAMEWORK_SEARCH_PATHS = (
					"$(SDKROOT)/Developer/Library/Frameworks",
					"$(inherited)",
				);
				GCC_PREPROCESSOR_DEFINITIONS = (
					"DEBUG=1",
					"$(inherited)",
				);
				INFOPLIST_FILE = ZaHunterTests/Info.plist;
				LD_RUNPATH_SEARCH_PATHS = "$(inherited) @executable_path/Frameworks @loader_path/Frameworks";
				PRODUCT_NAME = "$(TARGET_NAME)";
				TEST_HOST = "$(BUILT_PRODUCTS_DIR)/ZaHunter.app/ZaHunter";
			};
			name = Debug;
		};
		F2BF32DE1AC3CE5A00616B10 /* Release */ = {
			isa = XCBuildConfiguration;
			buildSettings = {
				BUNDLE_LOADER = "$(TEST_HOST)";
				FRAMEWORK_SEARCH_PATHS = (
					"$(SDKROOT)/Developer/Library/Frameworks",
					"$(inherited)",
				);
				INFOPLIST_FILE = ZaHunterTests/Info.plist;
				LD_RUNPATH_SEARCH_PATHS = "$(inherited) @executable_path/Frameworks @loader_path/Frameworks";
				PRODUCT_NAME = "$(TARGET_NAME)";
				TEST_HOST = "$(BUILT_PRODUCTS_DIR)/ZaHunter.app/ZaHunter";
			};
			name = Release;
		};
/* End XCBuildConfiguration section */

/* Begin XCConfigurationList section */
		F2BF32B11AC3CE5A00616B10 /* Build configuration list for PBXProject "ZaHunter" */ = {
			isa = XCConfigurationList;
			buildConfigurations = (
				F2BF32D71AC3CE5A00616B10 /* Debug */,
				F2BF32D81AC3CE5A00616B10 /* Release */,
			);
			defaultConfigurationIsVisible = 0;
			defaultConfigurationName = Release;
		};
		F2BF32D91AC3CE5A00616B10 /* Build configuration list for PBXNativeTarget "ZaHunter" */ = {
			isa = XCConfigurationList;
			buildConfigurations = (
				F2BF32DA1AC3CE5A00616B10 /* Debug */,
				F2BF32DB1AC3CE5A00616B10 /* Release */,
			);
			defaultConfigurationIsVisible = 0;
		};
		F2BF32DC1AC3CE5A00616B10 /* Build configuration list for PBXNativeTarget "ZaHunterTests" */ = {
			isa = XCConfigurationList;
			buildConfigurations = (
				F2BF32DD1AC3CE5A00616B10 /* Debug */,
				F2BF32DE1AC3CE5A00616B10 /* Release */,
			);
			defaultConfigurationIsVisible = 0;
		};
/* End XCConfigurationList section */
	};
	rootObject = F2BF32AE1AC3CE5A00616B10 /* Project object */;
}
